<?xml version="1.0" encoding="utf-8"?>
<Project ToolsVersion="4.0" xmlns="http://schemas.microsoft.com/developer/msbuild/2003">
  <ItemGroup>
    <Filter Include="Common">
      <UniqueIdentifier>{42dbd46d-b1de-4b95-8ef4-b39f4b803fd9}</UniqueIdentifier>
    </Filter>
  </ItemGroup>
  <ItemGroup>
    <ClCompile Include="..\Common\Base.cpp">
      <Filter>Common</Filter>
    </ClCompile>
    <ClCompile Include="..\Common\Config.cpp">
      <Filter>Common</Filter>
    </ClCompile>
    <ClCompile Include="..\Common\DateTime.cpp">
      <Filter>Common</Filter>
    </ClCompile>
    <ClCompile Include="..\Common\Dator.cpp">
      <Filter>Common</Filter>
    </ClCompile>
    <ClCompile Include="..\Common\Error.cpp">
      <Filter>Common</Filter>
    </ClCompile>
    <ClCompile Include="..\Common\Files.cpp">
      <Filter>Common</Filter>
    </ClCompile>
    <ClCompile Include="..\Common\FreeList.cpp">
      <Filter>Common</Filter>
    </ClCompile>
    <ClCompile Include="..\Common\Logger.cpp">
      <Filter>Common</Filter>
    </ClCompile>
    <ClCompile Include="..\Common\Math.cpp">
      <Filter>Common</Filter>
    </ClCompile>
    <ClCompile Include="..\Common\Profiler.cpp">
      <Filter>Common</Filter>
    </ClCompile>
    <ClCompile Include="..\Common\Stream.cpp">
      <Filter>Common</Filter>
    </ClCompile>
    <ClCompile Include="..\Common\Threads.cpp">
      <Filter>Common</Filter>
    </ClCompile>
    <ClCompile Include="..\Common\Tokenizer.cpp">
      <Filter>Common</Filter>
    </ClCompile>
    <ClCompile Include="GlobalCode.cpp" />
    <ClCompile Include="Main.cpp" />
    <ClCompile Include="MapTask.cpp" />
    <ClCompile Include="MeshTask.cpp" />
    <ClCompile Include="PCH.cpp" />
    <ClCompile Include="TextureTask.cpp" />
    <ClCompile Include="..\..\doc\External\NVMeshMender.cpp" />
  </ItemGroup>
  <ItemGroup>
    <ClInclude Include="..\Common\Base.hpp">
      <Filter>Common</Filter>
    </ClInclude>
    <ClInclude Include="..\Common\Base_details.hpp">
      <Filter>Common</Filter>
    </ClInclude>
    <ClInclude Include="..\Common\Config.hpp">
      <Filter>Common</Filter>
    </ClInclude>
    <ClInclude Include="..\Common\DateTime.hpp">
      <Filter>Common</Filter>
    </ClInclude>
    <ClInclude Include="..\Common\Dator.hpp">
      <Filter>Common</Filter>
    </ClInclude>
    <ClInclude Include="..\Common\Error.hpp">
      <Filter>Common</Filter>
    </ClInclude>
    <ClInclude Include="..\Common\Files.hpp">
      <Filter>Common</Filter>
    </ClInclude>
    <ClInclude Include="..\Common\FreeList.hpp">
      <Filter>Common</Filter>
    </ClInclude>
    <ClInclude Include="..\Common\Logger.hpp">
      <Filter>Common</Filter>
    </ClInclude>
    <ClInclude Include="..\Common\Math.hpp">
      <Filter>Common</Filter>
    </ClInclude>
    <ClInclude Include="..\Common\Profiler.hpp">
      <Filter>Common</Filter>
    </ClInclude>
    <ClInclude Include="..\Common\Stream.hpp">
      <Filter>Common</Filter>
    </ClInclude>
    <ClInclude Include="..\Common\Threads.hpp">
      <Filter>Common</Filter>
    </ClInclude>
    <ClInclude Include="..\Common\Tokenizer.hpp">
      <Filter>Common</Filter>
    </ClInclude>
    <ClInclude Include="GlobalCode.hpp" />
    <ClInclude Include="MapTask.hpp" />
    <ClInclude Include="MeshTask.hpp" />
    <ClInclude Include="PCH.hpp" />
    <ClInclude Include="TextureTask.hpp" />
  </ItemGroup>
</Project>